<?xml version="1.0" encoding="utf-8"?>
<Project ToolsVersion="4.0" xmlns="http://schemas.microsoft.com/developer/msbuild/2003">
  <ItemGroup>
    <Filter Include="Source Files">
      <UniqueIdentifier>{4FC737F1-C7A5-4376-A066-2A32D752A2FF}</UniqueIdentifier>
      <Extensions>cpp;c;cc;cxx;c++;cppm;ixx;def;odl;idl;hpj;bat;asm;asmx</Extensions>
    </Filter>
    <Filter Include="Header Files">
      <UniqueIdentifier>{93995380-89BD-4b04-88EB-625FBE52EBFB}</UniqueIdentifier>
      <Extensions>h;hh;hpp;hxx;h++;hm;inl;inc;ipp;xsd</Extensions>
    </Filter>
    <Filter Include="Header Files\products">
      <UniqueIdentifier>{f73c4290-cd6b-4066-a3f7-6c1c6b7d4aa5}</UniqueIdentifier>
    </Filter>
    <Filter Include="Source Files\products">
      <UniqueIdentifier>{cce47c53-c256-4956-82d5-d995e5b15e2d}</UniqueIdentifier>
    </Filter>
    <Filter Include="Header Files\market_data">
      <UniqueIdentifier>{11cac9a4-8739-4436-9e41-eb20d1bea761}</UniqueIdentifier>
    </Filter>
    <Filter Include="Source Files\market_data">
      <UniqueIdentifier>{708ffcaa-a611-4b65-ad2f-9d6b30de3c90}</UniqueIdentifier>
    </Filter>
    <Filter Include="Header Files\utils">
      <UniqueIdentifier>{d51a3dab-0da8-4215-9763-480e1a11e835}</UniqueIdentifier>
    </Filter>
    <Filter Include="Source Files\utils">
      <UniqueIdentifier>{f7b683b9-2b64-48cb-8f62-ed4d06a044ce}</UniqueIdentifier>
    </Filter>
    <Filter Include="Header Files\model">
      <UniqueIdentifier>{76ba2213-4e48-4ebb-af1b-e90bc8e9a393}</UniqueIdentifier>
    </Filter>
    <Filter Include="Source Files\model">
      <UniqueIdentifier>{84f99740-7451-4304-aa04-e63a10fc2173}</UniqueIdentifier>
    </Filter>
    <Filter Include="Source Files\numerics">
      <UniqueIdentifier>{43bb8191-465f-46d1-8b99-4a6894de19a5}</UniqueIdentifier>
    </Filter>
    <Filter Include="Header Files\numerics">
      <UniqueIdentifier>{24e4f4f7-55d2-49c8-8c1a-b2cb9ba55bda}</UniqueIdentifier>
    </Filter>
  </ItemGroup>
  <ItemGroup>
    <ClCompile Include="main.cpp">
      <Filter>Source Files</Filter>
    </ClCompile>
    <ClCompile Include="fx_forward.cpp">
      <Filter>Source Files\products</Filter>
    </ClCompile>
    <ClCompile Include="fx_option.cpp">
      <Filter>Source Files\products</Filter>
    </ClCompile>
    <ClCompile Include="product.cpp">
      <Filter>Source Files\products</Filter>
    </ClCompile>
    <ClCompile Include="currency.cpp">
      <Filter>Source Files\market_data</Filter>
    </ClCompile>
    <ClCompile Include="currency_manager.cpp">
      <Filter>Source Files\market_data</Filter>
    </ClCompile>
    <ClCompile Include="fx_manager.cpp">
      <Filter>Source Files\market_data</Filter>
    </ClCompile>
    <ClCompile Include="fx.cpp">
      <Filter>Source Files\market_data</Filter>
    </ClCompile>
    <ClCompile Include="amount.cpp">
      <Filter>Source Files\products</Filter>
    </ClCompile>
    <ClCompile Include="utils.cpp">
      <Filter>Source Files\utils</Filter>
    </ClCompile>
    <ClCompile Include="model.cpp">
      <Filter>Source Files\model</Filter>
    </ClCompile>
    <ClCompile Include="black_scholes.cpp">
      <Filter>Source Files\model</Filter>
    </ClCompile>
    <ClCompile Include="normal.cpp">
      <Filter>Source Files\model</Filter>
    </ClCompile>
    <ClCompile Include="pricer_exception.cpp">
      <Filter>Source Files\utils</Filter>
    </ClCompile>
    <ClCompile Include="numerical_parameters.cpp">
      <Filter>Source Files\model</Filter>
    </ClCompile>
    <ClCompile Include="numerical_parameters_edp.cpp">
      <Filter>Source Files\model</Filter>
    </ClCompile>
    <ClCompile Include="numerical_parameters_mc.cpp">
      <Filter>Source Files\model</Filter>
    </ClCompile>
    <ClCompile Include="brownian.cpp">
      <Filter>Source Files\numerics</Filter>
    </ClCompile>
    <ClCompile Include="edp_coeffs.cpp">
      <Filter>Source Files\model</Filter>
    </ClCompile>
    <ClCompile Include="model_edp.cpp">
      <Filter>Source Files\model</Filter>
    </ClCompile>
    <ClCompile Include="model_mc.cpp">
      <Filter>Source Files\model</Filter>
    </ClCompile>
  </ItemGroup>
  <ItemGroup>
    <ClInclude Include="product.h">
      <Filter>Header Files\products</Filter>
    </ClInclude>
    <ClInclude Include="fx_forward.h">
      <Filter>Header Files\products</Filter>
    </ClInclude>
    <ClInclude Include="fx_option.h">
      <Filter>Header Files\products</Filter>
    </ClInclude>
    <ClInclude Include="currency.h">
      <Filter>Header Files\market_data</Filter>
    </ClInclude>
    <ClInclude Include="currency_manager.h">
      <Filter>Header Files\market_data</Filter>
    </ClInclude>
    <ClInclude Include="fx.h">
      <Filter>Header Files\market_data</Filter>
    </ClInclude>
    <ClInclude Include="fx_manager.h">
      <Filter>Header Files\market_data</Filter>
    </ClInclude>
    <ClInclude Include="amount.h">
      <Filter>Header Files\products</Filter>
    </ClInclude>
    <ClInclude Include="defines.h">
      <Filter>Header Files\utils</Filter>
    </ClInclude>
    <ClInclude Include="utils.h">
      <Filter>Header Files\utils</Filter>
    </ClInclude>
    <ClInclude Include="model.h">
      <Filter>Header Files\model</Filter>
    </ClInclude>
    <ClInclude Include="black_scholes.h">
      <Filter>Header Files\model</Filter>
    </ClInclude>
    <ClInclude Include="normal.h">
      <Filter>Header Files\model</Filter>
    </ClInclude>
    <ClInclude Include="pricer_exception.h">
      <Filter>Header Files\utils</Filter>
    </ClInclude>
    <ClInclude Include="numerical_parameters.h">
      <Filter>Header Files\model</Filter>
    </ClInclude>
    <ClInclude Include="numerical_parameters_edp.h">
      <Filter>Header Files\model</Filter>
    </ClInclude>
    <ClInclude Include="numerical_parameters_mc.h">
      <Filter>Header Files\model</Filter>
    </ClInclude>
    <ClInclude Include="brownian.h">
      <Filter>Header Files\numerics</Filter>
    </ClInclude>
    <ClInclude Include="edp_coeffs.h">
      <Filter>Header Files\model</Filter>
    </ClInclude>
  </ItemGroup>
  <ItemGroup>
    <Text Include="doc.txt">
      <Filter>Source Files\model</Filter>
    </Text>
  </ItemGroup>
</Project>